easy_templating_block:
    is_debug: false

services:
    one_template_block:
        class: EonX\EasyTemplatingBlock\Blocks\TemplateBlock
        arguments:
            $name: 'one_template_block'
        calls:
            - setTemplateName: ['my_block.html.twig']

    one_template_block_provider:
        class: EonX\EasyTemplatingBlock\Providers\ArrayTemplatingBlockProvider
        arguments:
            $blocks:
                my-event:
                    - '@one_template_block'
        tags: ['easy_templating_block.block_provider']
